Microsoft Visual Studio Solution File, Format Version 12.00
# Visual Studio Version 17
VisualStudioVersion = 17.5.2.0
MinimumVisualStudioVersion = 10.0.40219.1
Project("{FAE04EC0-301F-11D3-BF4B-00C04F79EFBC}") = "TestWins", "TestWins\TestWins.csproj", "{27D407B4-FF31-33C0-D274-32E053605027}"
EndProject
Global
	GlobalSection(SolutionConfigurationPlatforms) = preSolution
		Debug|Any CPU = Debug|Any CPU
		Release|Any CPU = Release|Any CPU
	EndGlobalSection
	GlobalSection(ProjectConfigurationPlatforms) = postSolution
		{27D407B4-FF31-33C0-D274-32E053605027}.Debug|Any CPU.ActiveCfg = Debug|Any CPU
		{27D407B4-FF31-33C0-D274-32E053605027}.Debug|Any CPU.Build.0 = Debug|Any CPU
		{27D407B4-FF31-33C0-D274-32E053605027}.Release|Any CPU.ActiveCfg = Release|Any CPU
		{27D407B4-FF31-33C0-D274-32E053605027}.Release|Any CPU.Build.0 = Release|Any CPU
	EndGlobalSection
	GlobalSection(SolutionProperties) = preSolution
		HideSolutionNode = FALSE
	EndGlobalSection
	GlobalSection(ExtensibilityGlobals) = postSolution
		SolutionGuid = {0FB4CEA9-6018-405A-B2FE-C4C60BAC6F71}
	EndGlobalSection
EndGlobal
